
Microsoft Visual Studio Solution File, Format Version 12.00
# Visual Studio Version 16
VisualStudioVersion = 16.0.31129.286
MinimumVisualStudioVersion = 10.0.40219.1
Project("{FAE04EC0-301F-11D3-BF4B-00C04F79EFBC}") = "flyoutInterface.Android", "flyoutInterface\flyoutInterface.Android\flyoutInterface.Android.csproj", "{9C36BA23-3FAF-41C1-AB65-C85728B4725E}"
EndProject
Project("{FAE04EC0-301F-11D3-BF4B-00C04F79EFBC}") = "flyoutInterface.iOS", "flyoutInterface\flyoutInterface.iOS\flyoutInterface.iOS.csproj", "{101F706A-F272-4772-864E-6BF07D182F26}"
EndProject
Project("{FAE04EC0-301F-11D3-BF4B-00C04F79EFBC}") = "flyoutInterface", "flyoutInterface\flyoutInterface\flyoutInterface.csproj", "{D6DF27B8-511F-434C-9F9C-8A13DCEB23E9}"
EndProject
Global
	GlobalSection(SolutionConfigurationPlatforms) = preSolution
		Debug|Any CPU = Debug|Any CPU
		Debug|iPhone = Debug|iPhone
		Debug|iPhoneSimulator = Debug|iPhoneSimulator
		Release|Any CPU = Release|Any CPU
		Release|iPhone = Release|iPhone
		Release|iPhoneSimulator = Release|iPhoneSimulator
	EndGlobalSection
	GlobalSection(ProjectConfigurationPlatforms) = postSolution
		{9C36BA23-3FAF-41C1-AB65-C85728B4725E}.Debug|Any CPU.ActiveCfg = Debug|Any CPU
		{9C36BA23-3FAF-41C1-AB65-C85728B4725E}.Debug|Any CPU.Build.0 = Debug|Any CPU
		{9C36BA23-3FAF-41C1-AB65-C85728B4725E}.Debug|Any CPU.Deploy.0 = Debug|Any CPU
		{9C36BA23-3FAF-41C1-AB65-C85728B4725E}.Debug|iPhone.ActiveCfg = Debug|Any CPU
		{9C36BA23-3FAF-41C1-AB65-C85728B4725E}.Debug|iPhone.Build.0 = Debug|Any CPU
		{9C36BA23-3FAF-41C1-AB65-C85728B4725E}.Debug|iPhone.Deploy.0 = Debug|Any CPU
		{9C36BA23-3FAF-41C1-AB65-C85728B4725E}.Debug|iPhoneSimulator.ActiveCfg = Debug|Any CPU
		{9C36BA23-3FAF-41C1-AB65-C85728B4725E}.Debug|iPhoneSimulator.Build.0 = Debug|Any CPU
		{9C36BA23-3FAF-41C1-AB65-C85728B4725E}.Debug|iPhoneSimulator.Deploy.0 = Debug|Any CPU
		{9C36BA23-3FAF-41C1-AB65-C85728B4725E}.Release|Any CPU.ActiveCfg = Release|Any CPU
		{9C36BA23-3FAF-41C1-AB65-C85728B4725E}.Release|Any CPU.Build.0 = Release|Any CPU
		{9C36BA23-3FAF-41C1-AB65-C85728B4725E}.Release|Any CPU.Deploy.0 = Release|Any CPU
		{9C36BA23-3FAF-41C1-AB65-C85728B4725E}.Release|iPhone.ActiveCfg = Release|Any CPU
		{9C36BA23-3FAF-41C1-AB65-C85728B4725E}.Release|iPhone.Build.0 = Release|Any CPU
		{9C36BA23-3FAF-41C1-AB65-C85728B4725E}.Release|iPhone.Deploy.0 = Release|Any CPU
		{9C36BA23-3FAF-41C1-AB65-C85728B4725E}.Release|iPhoneSimulator.ActiveCfg = Release|Any CPU
		{9C36BA23-3FAF-41C1-AB65-C85728B4725E}.Release|iPhoneSimulator.Build.0 = Release|Any CPU
		{9C36BA23-3FAF-41C1-AB65-C85728B4725E}.Release|iPhoneSimulator.Deploy.0 = Release|Any CPU
		{101F706A-F272-4772-864E-6BF07D182F26}.Debug|Any CPU.ActiveCfg = Debug|iPhone
		{101F706A-F272-4772-864E-6BF07D182F26}.Debug|Any CPU.Build.0 = Debug|iPhone
		{101F706A-F272-4772-864E-6BF07D182F26}.Debug|Any CPU.Deploy.0 = Debug|iPhone
		{101F706A-F272-4772-864E-6BF07D182F26}.Debug|iPhone.ActiveCfg = Debug|iPhone
		{101F706A-F272-4772-864E-6BF07D182F26}.Debug|iPhone.Build.0 = Debug|iPhone
		{101F706A-F272-4772-864E-6BF07D182F26}.Debug|iPhone.Deploy.0 = Debug|iPhone
		{101F706A-F272-4772-864E-6BF07D182F26}.Debug|iPhoneSimulator.ActiveCfg = Debug|iPhoneSimulator
		{101F706A-F272-4772-864E-6BF07D182F26}.Debug|iPhoneSimulator.Build.0 = Debug|iPhoneSimulator
		{101F706A-F272-4772-864E-6BF07D182F26}.Debug|iPhoneSimulator.Deploy.0 = Debug|iPhoneSimulator
		{101F706A-F272-4772-864E-6BF07D182F26}.Release|Any CPU.ActiveCfg = Release|iPhoneSimulator
		{101F706A-F272-4772-864E-6BF07D182F26}.Release|Any CPU.Build.0 = Release|iPhoneSimulator
		{101F706A-F272-4772-864E-6BF07D182F26}.Release|Any CPU.Deploy.0 = Release|iPhoneSimulator
		{101F706A-F272-4772-864E-6BF07D182F26}.Release|iPhone.ActiveCfg = Release|iPhone
		{101F706A-F272-4772-864E-6BF07D182F26}.Release|iPhone.Build.0 = Release|iPhone
		{101F706A-F272-4772-864E-6BF07D182F26}.Release|iPhone.Deploy.0 = Release|iPhone
		{101F706A-F272-4772-864E-6BF07D182F26}.Release|iPhoneSimulator.ActiveCfg = Release|iPhoneSimulator
		{101F706A-F272-4772-864E-6BF07D182F26}.Release|iPhoneSimulator.Build.0 = Release|iPhoneSimulator
		{101F706A-F272-4772-864E-6BF07D182F26}.Release|iPhoneSimulator.Deploy.0 = Release|iPhoneSimulator
		{D6DF27B8-511F-434C-9F9C-8A13DCEB23E9}.Debug|Any CPU.ActiveCfg = Debug|Any CPU
		{D6DF27B8-511F-434C-9F9C-8A13DCEB23E9}.Debug|Any CPU.Build.0 = Debug|Any CPU
		{D6DF27B8-511F-434C-9F9C-8A13DCEB23E9}.Debug|Any CPU.Deploy.0 = Debug|Any CPU
		{D6DF27B8-511F-434C-9F9C-8A13DCEB23E9}.Debug|iPhone.ActiveCfg = Debug|Any CPU
		{D6DF27B8-511F-434C-9F9C-8A13DCEB23E9}.Debug|iPhone.Build.0 = Debug|Any CPU
		{D6DF27B8-511F-434C-9F9C-8A13DCEB23E9}.Debug|iPhone.Deploy.0 = Debug|Any CPU
		{D6DF27B8-511F-434C-9F9C-8A13DCEB23E9}.Debug|iPhoneSimulator.ActiveCfg = Debug|Any CPU
		{D6DF27B8-511F-434C-9F9C-8A13DCEB23E9}.Debug|iPhoneSimulator.Build.0 = Debug|Any CPU
		{D6DF27B8-511F-434C-9F9C-8A13DCEB23E9}.Debug|iPhoneSimulator.Deploy.0 = Debug|Any CPU
		{D6DF27B8-511F-434C-9F9C-8A13DCEB23E9}.Release|Any CPU.ActiveCfg = Release|Any CPU
		{D6DF27B8-511F-434C-9F9C-8A13DCEB23E9}.Release|Any CPU.Build.0 = Release|Any CPU
		{D6DF27B8-511F-434C-9F9C-8A13DCEB23E9}.Release|Any CPU.Deploy.0 = Release|Any CPU
		{D6DF27B8-511F-434C-9F9C-8A13DCEB23E9}.Release|iPhone.ActiveCfg = Release|Any CPU
		{D6DF27B8-511F-434C-9F9C-8A13DCEB23E9}.Release|iPhone.Build.0 = Release|Any CPU
		{D6DF27B8-511F-434C-9F9C-8A13DCEB23E9}.Release|iPhone.Deploy.0 = Release|Any CPU
		{D6DF27B8-511F-434C-9F9C-8A13DCEB23E9}.Release|iPhoneSimulator.ActiveCfg = Release|Any CPU
		{D6DF27B8-511F-434C-9F9C-8A13DCEB23E9}.Release|iPhoneSimulator.Build.0 = Release|Any CPU
		{D6DF27B8-511F-434C-9F9C-8A13DCEB23E9}.Release|iPhoneSimulator.Deploy.0 = Release|Any CPU
	EndGlobalSection
	GlobalSection(SolutionProperties) = preSolution
		HideSolutionNode = FALSE
	EndGlobalSection
	GlobalSection(ExtensibilityGlobals) = postSolution
		SolutionGuid = {D1D1B9AE-0AC4-48D9-A4EA-7DD2BBBEDE15}
	EndGlobalSection
EndGlobal
